
Microsoft Visual Studio Solution File, Format Version 12.00
# Visual Studio Version 17
VisualStudioVersion = 17.9.34607.119
MinimumVisualStudioVersion = 10.0.40219.1
Project("{8BC9CEB8-8B4A-11D0-8D11-00A0C91BC942}") = "PA7", "PA7\PA7.vcxproj", "{C90E29E4-31CD-42B5-8127-FA2FE056A3B7}"
EndProject
Global
	GlobalSection(SolutionConfigurationPlatforms) = preSolution
		Debug|x64 = Debug|x64
		Debug|x86 = Debug|x86
		Release|x64 = Release|x64
		Release|x86 = Release|x86
	EndGlobalSection
	GlobalSection(ProjectConfigurationPlatforms) = postSolution
		{C90E29E4-31CD-42B5-8127-FA2FE056A3B7}.Debug|x64.ActiveCfg = Debug|x64
		{C90E29E4-31CD-42B5-8127-FA2FE056A3B7}.Debug|x64.Build.0 = Debug|x64
		{C90E29E4-31CD-42B5-8127-FA2FE056A3B7}.Debug|x86.ActiveCfg = Debug|Win32
		{C90E29E4-31CD-42B5-8127-FA2FE056A3B7}.Debug|x86.Build.0 = Debug|Win32
		{C90E29E4-31CD-42B5-8127-FA2FE056A3B7}.Release|x64.ActiveCfg = Release|x64
		{C90E29E4-31CD-42B5-8127-FA2FE056A3B7}.Release|x64.Build.0 = Release|x64
		{C90E29E4-31CD-42B5-8127-FA2FE056A3B7}.Release|x86.ActiveCfg = Release|Win32
		{C90E29E4-31CD-42B5-8127-FA2FE056A3B7}.Release|x86.Build.0 = Release|Win32
	EndGlobalSection
	GlobalSection(SolutionProperties) = preSolution
		HideSolutionNode = FALSE
	EndGlobalSection
	GlobalSection(ExtensibilityGlobals) = postSolution
		SolutionGuid = {909C9800-D34A-415C-9A2F-AC259565F3A2}
	EndGlobalSection
EndGlobal
